
Microsoft Visual Studio Solution File, Format Version 12.00
# Visual Studio Version 17
VisualStudioVersion = 17.5.002.0
MinimumVisualStudioVersion = 10.0.40219.1
Project("{9A19103F-16F7-4668-BE54-9A1E7A4F7556}") = "mis321-makeup-jgswartwood", "mis321-makeup-jgswartwood.csproj", "{74B1C61F-BFEA-4808-BCD4-78A18301A79B}"
EndProject
Global
	GlobalSection(SolutionConfigurationPlatforms) = preSolution
		Debug|Any CPU = Debug|Any CPU
		Release|Any CPU = Release|Any CPU
	EndGlobalSection
	GlobalSection(ProjectConfigurationPlatforms) = postSolution
		{74B1C61F-BFEA-4808-BCD4-78A18301A79B}.Debug|Any CPU.ActiveCfg = Debug|Any CPU
		{74B1C61F-BFEA-4808-BCD4-78A18301A79B}.Debug|Any CPU.Build.0 = Debug|Any CPU
		{74B1C61F-BFEA-4808-BCD4-78A18301A79B}.Release|Any CPU.ActiveCfg = Release|Any CPU
		{74B1C61F-BFEA-4808-BCD4-78A18301A79B}.Release|Any CPU.Build.0 = Release|Any CPU
	EndGlobalSection
	GlobalSection(SolutionProperties) = preSolution
		HideSolutionNode = FALSE
	EndGlobalSection
	GlobalSection(ExtensibilityGlobals) = postSolution
		SolutionGuid = {76721C1A-1464-40A3-9C95-AED00795F4FE}
	EndGlobalSection
EndGlobal
